
Microsoft Visual Studio Solution File, Format Version 12.00
# Visual Studio Version 17
VisualStudioVersion = 17.9.34728.123
MinimumVisualStudioVersion = 10.0.40219.1
Project("{FAE04EC0-301F-11D3-BF4B-00C04F79EFBC}") = "VarejoLanches", "VarejoLanches\VarejoLanches.csproj", "{CF292D7D-5EFA-4FDC-8492-6B051F22876A}"
EndProject
Global
	GlobalSection(SolutionConfigurationPlatforms) = preSolution
		Debug|Any CPU = Debug|Any CPU
		Release|Any CPU = Release|Any CPU
	EndGlobalSection
	GlobalSection(ProjectConfigurationPlatforms) = postSolution
		{CF292D7D-5EFA-4FDC-8492-6B051F22876A}.Debug|Any CPU.ActiveCfg = Debug|Any CPU
		{CF292D7D-5EFA-4FDC-8492-6B051F22876A}.Debug|Any CPU.Build.0 = Debug|Any CPU
		{CF292D7D-5EFA-4FDC-8492-6B051F22876A}.Release|Any CPU.ActiveCfg = Release|Any CPU
		{CF292D7D-5EFA-4FDC-8492-6B051F22876A}.Release|Any CPU.Build.0 = Release|Any CPU
	EndGlobalSection
	GlobalSection(SolutionProperties) = preSolution
		HideSolutionNode = FALSE
	EndGlobalSection
	GlobalSection(ExtensibilityGlobals) = postSolution
		SolutionGuid = {3F3927DE-A01C-445D-B7C6-373D31710FB7}
	EndGlobalSection
EndGlobal
